{
  "name": "tracking-gateway",
  "version": "1.0.0",
  "lockfileVersion": 3,
  "requires": true,
  "packages": {
    "": {
      "name": "tracking-gateway",
      "version": "1.0.0",
      "license": "ISC",
      "dependencies": {
        "atx-prettylog": "file:../npm-tools/atx-prettylog",
        "dotenv": "^17.2.3",
        "tracking-common": "file:../npm-tools/tracking-common"
      }
    },
    "../npm-tools/atx-prettylog": {
      "version": "1.0.0",
      "license": "ISC",
      "dependencies": {
        "cli-color": "^2.0.4"
      }
    },
    "../npm-tools/tracking-common": {
      "name": "trackingCommon",
      "version": "1.0.0",
      "license": "ISC"
    },
    "node_modules/atx-prettylog": {
      "resolved": "../npm-tools/atx-prettylog",
      "link": true
    },
    "node_modules/dotenv": {
      "version": "17.2.3",
      "resolved": "https://registry.npmjs.org/dotenv/-/dotenv-17.2.3.tgz",
      "integrity": "sha512-JVUnt+DUIzu87TABbhPmNfVdBDt18BLOWjMUFJMSi/Qqg7NTYtabbvSNJGOJ7afbRuv9D/lngizHtP7QyLQ+9w==",
      "license": "BSD-2-Clause",
      "engines": {
        "node": ">=12"
      },
      "funding": {
        "url": "https://dotenvx.com"
      }
    },
    "node_modules/tracking-common": {
      "resolved": "../npm-tools/tracking-common",
      "link": true
    }
  }
}
